
Microsoft Visual Studio Solution File, Format Version 12.00
# Visual Studio Version 17
VisualStudioVersion = 17.3.32901.215
MinimumVisualStudioVersion = 10.0.40219.1
Project("{2150E333-8FDC-42A3-9474-1A3956D46DE8}") = "SilWMS.Framework", "SilWMS.Framework", "{43154C85-7BD4-4EC5-918F-A08575C28AA9}"
EndProject
Project("{FAE04EC0-301F-11D3-BF4B-00C04F79EFBC}") = "SilWMS.Framework.BaseContext", "SilWMS.Framework.BaseContext\SilWMS.Framework.BaseContext.csproj", "{73802F2E-913F-476C-9476-F90142955C04}"
EndProject
Project("{FAE04EC0-301F-11D3-BF4B-00C04F79EFBC}") = "SilWMS.Framework.BaseManager", "SilWMS.Framework.BaseManager\SilWMS.Framework.BaseManager.csproj", "{32892191-F271-485B-B4E8-5D56B27E1638}"
EndProject
Project("{FAE04EC0-301F-11D3-BF4B-00C04F79EFBC}") = "SilWMS.Framework.EntityBase", "SilWMS.Framework.EntityBase\SilWMS.Framework.EntityBase.csproj", "{BC201A84-AF47-45AF-A0A1-09F27ABDE480}"
EndProject
Project("{FAE04EC0-301F-11D3-BF4B-00C04F79EFBC}") = "SilWMS.Framework.IBaseManager", "SilWMS.Framework.IBaseManager\SilWMS.Framework.IBaseManager.csproj", "{675B4C68-5EEB-4105-9F01-BDC618D868A5}"
EndProject
Project("{FAE04EC0-301F-11D3-BF4B-00C04F79EFBC}") = "SilWMS.Framework.IoC", "SilWMS.Framework.IoC\SilWMS.Framework.IoC.csproj", "{34DA38CD-5A4F-4188-8ADA-0EA148C19B89}"
EndProject
Project("{FAE04EC0-301F-11D3-BF4B-00C04F79EFBC}") = "SilWMS.Framework.IoCFactoryDataAccess", "SilWMS.Framework.IoCFactoryDataAccess\SilWMS.Framework.IoCFactoryDataAccess.csproj", "{06984E4C-FC93-479D-8805-1E15A227D880}"
EndProject
Project("{FAE04EC0-301F-11D3-BF4B-00C04F79EFBC}") = "SilWMS.Framework.IoCFactoryDomain", "SilWMS.Framework.IoCFactoryDomain\SilWMS.Framework.IoCFactoryDomain.csproj", "{E57712FB-807E-472E-A050-C034C4E5420F}"
EndProject
Project("{FAE04EC0-301F-11D3-BF4B-00C04F79EFBC}") = "Persistence", "Persistence\Persistence.csproj", "{6D36A302-ACF1-401B-B618-C86B43BFE2B3}"
EndProject
Project("{2150E333-8FDC-42A3-9474-1A3956D46DE8}") = "SilWMS.DataAccess", "SilWMS.DataAccess", "{83255534-67EA-445D-A72E-AE059A644EF0}"
EndProject
Project("{FAE04EC0-301F-11D3-BF4B-00C04F79EFBC}") = "SilWMS.DataAccess.Config.Manager.BL", "SilWMS.DataAccess.Config.Manager.BL\SilWMS.DataAccess.Config.Manager.BL.csproj", "{BF8CBA8C-867D-4343-93CE-F6DF6D98B8D0}"
EndProject
Project("{FAE04EC0-301F-11D3-BF4B-00C04F79EFBC}") = "SilWMS.DataAccess.Config.Manager.BLContract", "SilWMS.DataAccess.Config.Manager.BLContract\SilWMS.DataAccess.Config.Manager.BLContract.csproj", "{CCC3C574-CF73-4712-80ED-10B418AD7D67}"
EndProject
Project("{FAE04EC0-301F-11D3-BF4B-00C04F79EFBC}") = "Test_DataAccess", "Test_DataAccess\Test_DataAccess.csproj", "{F897BEA8-DFF0-4EB2-A44B-C27AE8B83E1B}"
EndProject
Project("{FAE04EC0-301F-11D3-BF4B-00C04F79EFBC}") = "Modelos", "Modelos\Modelos.csproj", "{BA25282F-CBC2-4072-884A-5A379E1728A2}"
EndProject
Project("{2150E333-8FDC-42A3-9474-1A3956D46DE8}") = "SilWMS.BusinessLogic", "SilWMS.BusinessLogic", "{E1ABB8CA-C19C-48FD-94EC-B53828DA6ED1}"
EndProject
Project("{FAE04EC0-301F-11D3-BF4B-00C04F79EFBC}") = "SilWMS.BusinessLogic.Config.Manager", "SilWMS.BusinessLogic.Config.Manager\SilWMS.BusinessLogic.Config.Manager.csproj", "{F71FA045-41EF-464D-B810-8BD6056662A6}"
EndProject
Project("{FAE04EC0-301F-11D3-BF4B-00C04F79EFBC}") = "SilWMS.BusinessLogic.Config.ManagerContract", "SilWMS.BusinessLogic.Config.ManagerContract\SilWMS.BusinessLogic.Config.ManagerContract.csproj", "{F4C75C8F-FE00-45D5-B8A9-E512ECDE8D3F}"
EndProject
Project("{FAE04EC0-301F-11D3-BF4B-00C04F79EFBC}") = "PruebaDev", "PruebaDev\PruebaDev.csproj", "{E93A8716-89FA-4A2D-A984-B08AFDC0E904}"
EndProject
Global
	GlobalSection(SolutionConfigurationPlatforms) = preSolution
		Debug|Any CPU = Debug|Any CPU
		Debug|x64 = Debug|x64
		Debug|x86 = Debug|x86
		Release|Any CPU = Release|Any CPU
		Release|x64 = Release|x64
		Release|x86 = Release|x86
	EndGlobalSection
	GlobalSection(ProjectConfigurationPlatforms) = postSolution
		{73802F2E-913F-476C-9476-F90142955C04}.Debug|Any CPU.ActiveCfg = Debug|Any CPU
		{73802F2E-913F-476C-9476-F90142955C04}.Debug|Any CPU.Build.0 = Debug|Any CPU
		{73802F2E-913F-476C-9476-F90142955C04}.Debug|x64.ActiveCfg = Debug|Any CPU
		{73802F2E-913F-476C-9476-F90142955C04}.Debug|x64.Build.0 = Debug|Any CPU
		{73802F2E-913F-476C-9476-F90142955C04}.Debug|x86.ActiveCfg = Debug|x86
		{73802F2E-913F-476C-9476-F90142955C04}.Debug|x86.Build.0 = Debug|x86
		{73802F2E-913F-476C-9476-F90142955C04}.Release|Any CPU.ActiveCfg = Release|Any CPU
		{73802F2E-913F-476C-9476-F90142955C04}.Release|Any CPU.Build.0 = Release|Any CPU
		{73802F2E-913F-476C-9476-F90142955C04}.Release|x64.ActiveCfg = Release|Any CPU
		{73802F2E-913F-476C-9476-F90142955C04}.Release|x64.Build.0 = Release|Any CPU
		{73802F2E-913F-476C-9476-F90142955C04}.Release|x86.ActiveCfg = Release|Any CPU
		{73802F2E-913F-476C-9476-F90142955C04}.Release|x86.Build.0 = Release|Any CPU
		{32892191-F271-485B-B4E8-5D56B27E1638}.Debug|Any CPU.ActiveCfg = Debug|Any CPU
		{32892191-F271-485B-B4E8-5D56B27E1638}.Debug|Any CPU.Build.0 = Debug|Any CPU
		{32892191-F271-485B-B4E8-5D56B27E1638}.Debug|x64.ActiveCfg = Debug|Any CPU
		{32892191-F271-485B-B4E8-5D56B27E1638}.Debug|x64.Build.0 = Debug|Any CPU
		{32892191-F271-485B-B4E8-5D56B27E1638}.Debug|x86.ActiveCfg = Debug|x86
		{32892191-F271-485B-B4E8-5D56B27E1638}.Debug|x86.Build.0 = Debug|x86
		{32892191-F271-485B-B4E8-5D56B27E1638}.Release|Any CPU.ActiveCfg = Release|Any CPU
		{32892191-F271-485B-B4E8-5D56B27E1638}.Release|Any CPU.Build.0 = Release|Any CPU
		{32892191-F271-485B-B4E8-5D56B27E1638}.Release|x64.ActiveCfg = Release|Any CPU
		{32892191-F271-485B-B4E8-5D56B27E1638}.Release|x64.Build.0 = Release|Any CPU
		{32892191-F271-485B-B4E8-5D56B27E1638}.Release|x86.ActiveCfg = Release|Any CPU
		{32892191-F271-485B-B4E8-5D56B27E1638}.Release|x86.Build.0 = Release|Any CPU
		{BC201A84-AF47-45AF-A0A1-09F27ABDE480}.Debug|Any CPU.ActiveCfg = Debug|Any CPU
		{BC201A84-AF47-45AF-A0A1-09F27ABDE480}.Debug|Any CPU.Build.0 = Debug|Any CPU
		{BC201A84-AF47-45AF-A0A1-09F27ABDE480}.Debug|x64.ActiveCfg = Debug|Any CPU
		{BC201A84-AF47-45AF-A0A1-09F27ABDE480}.Debug|x64.Build.0 = Debug|Any CPU
		{BC201A84-AF47-45AF-A0A1-09F27ABDE480}.Debug|x86.ActiveCfg = Debug|x86
		{BC201A84-AF47-45AF-A0A1-09F27ABDE480}.Debug|x86.Build.0 = Debug|x86
		{BC201A84-AF47-45AF-A0A1-09F27ABDE480}.Release|Any CPU.ActiveCfg = Release|Any CPU
		{BC201A84-AF47-45AF-A0A1-09F27ABDE480}.Release|Any CPU.Build.0 = Release|Any CPU
		{BC201A84-AF47-45AF-A0A1-09F27ABDE480}.Release|x64.ActiveCfg = Release|Any CPU
		{BC201A84-AF47-45AF-A0A1-09F27ABDE480}.Release|x64.Build.0 = Release|Any CPU
		{BC201A84-AF47-45AF-A0A1-09F27ABDE480}.Release|x86.ActiveCfg = Release|Any CPU
		{BC201A84-AF47-45AF-A0A1-09F27ABDE480}.Release|x86.Build.0 = Release|Any CPU
		{675B4C68-5EEB-4105-9F01-BDC618D868A5}.Debug|Any CPU.ActiveCfg = Debug|Any CPU
		{675B4C68-5EEB-4105-9F01-BDC618D868A5}.Debug|Any CPU.Build.0 = Debug|Any CPU
		{675B4C68-5EEB-4105-9F01-BDC618D868A5}.Debug|x64.ActiveCfg = Debug|Any CPU
		{675B4C68-5EEB-4105-9F01-BDC618D868A5}.Debug|x64.Build.0 = Debug|Any CPU
		{675B4C68-5EEB-4105-9F01-BDC618D868A5}.Debug|x86.ActiveCfg = Debug|x86
		{675B4C68-5EEB-4105-9F01-BDC618D868A5}.Debug|x86.Build.0 = Debug|x86
		{675B4C68-5EEB-4105-9F01-BDC618D868A5}.Release|Any CPU.ActiveCfg = Release|Any CPU
		{675B4C68-5EEB-4105-9F01-BDC618D868A5}.Release|Any CPU.Build.0 = Release|Any CPU
		{675B4C68-5EEB-4105-9F01-BDC618D868A5}.Release|x64.ActiveCfg = Release|Any CPU
		{675B4C68-5EEB-4105-9F01-BDC618D868A5}.Release|x64.Build.0 = Release|Any CPU
		{675B4C68-5EEB-4105-9F01-BDC618D868A5}.Release|x86.ActiveCfg = Release|Any CPU
		{675B4C68-5EEB-4105-9F01-BDC618D868A5}.Release|x86.Build.0 = Release|Any CPU
		{34DA38CD-5A4F-4188-8ADA-0EA148C19B89}.Debug|Any CPU.ActiveCfg = Debug|Any CPU
		{34DA38CD-5A4F-4188-8ADA-0EA148C19B89}.Debug|Any CPU.Build.0 = Debug|Any CPU
		{34DA38CD-5A4F-4188-8ADA-0EA148C19B89}.Debug|x64.ActiveCfg = Debug|Any CPU
		{34DA38CD-5A4F-4188-8ADA-0EA148C19B89}.Debug|x64.Build.0 = Debug|Any CPU
		{34DA38CD-5A4F-4188-8ADA-0EA148C19B89}.Debug|x86.ActiveCfg = Debug|x86
		{34DA38CD-5A4F-4188-8ADA-0EA148C19B89}.Debug|x86.Build.0 = Debug|x86
		{34DA38CD-5A4F-4188-8ADA-0EA148C19B89}.Release|Any CPU.ActiveCfg = Release|Any CPU
		{34DA38CD-5A4F-4188-8ADA-0EA148C19B89}.Release|Any CPU.Build.0 = Release|Any CPU
		{34DA38CD-5A4F-4188-8ADA-0EA148C19B89}.Release|x64.ActiveCfg = Release|Any CPU
		{34DA38CD-5A4F-4188-8ADA-0EA148C19B89}.Release|x64.Build.0 = Release|Any CPU
		{34DA38CD-5A4F-4188-8ADA-0EA148C19B89}.Release|x86.ActiveCfg = Release|Any CPU
		{34DA38CD-5A4F-4188-8ADA-0EA148C19B89}.Release|x86.Build.0 = Release|Any CPU
		{06984E4C-FC93-479D-8805-1E15A227D880}.Debug|Any CPU.ActiveCfg = Debug|Any CPU
		{06984E4C-FC93-479D-8805-1E15A227D880}.Debug|Any CPU.Build.0 = Debug|Any CPU
		{06984E4C-FC93-479D-8805-1E15A227D880}.Debug|x64.ActiveCfg = Debug|Any CPU
		{06984E4C-FC93-479D-8805-1E15A227D880}.Debug|x64.Build.0 = Debug|Any CPU
		{06984E4C-FC93-479D-8805-1E15A227D880}.Debug|x86.ActiveCfg = Debug|x86
		{06984E4C-FC93-479D-8805-1E15A227D880}.Debug|x86.Build.0 = Debug|x86
		{06984E4C-FC93-479D-8805-1E15A227D880}.Release|Any CPU.ActiveCfg = Release|Any CPU
		{06984E4C-FC93-479D-8805-1E15A227D880}.Release|Any CPU.Build.0 = Release|Any CPU
		{06984E4C-FC93-479D-8805-1E15A227D880}.Release|x64.ActiveCfg = Release|Any CPU
		{06984E4C-FC93-479D-8805-1E15A227D880}.Release|x64.Build.0 = Release|Any CPU
		{06984E4C-FC93-479D-8805-1E15A227D880}.Release|x86.ActiveCfg = Release|Any CPU
		{06984E4C-FC93-479D-8805-1E15A227D880}.Release|x86.Build.0 = Release|Any CPU
		{E57712FB-807E-472E-A050-C034C4E5420F}.Debug|Any CPU.ActiveCfg = Debug|Any CPU
		{E57712FB-807E-472E-A050-C034C4E5420F}.Debug|Any CPU.Build.0 = Debug|Any CPU
		{E57712FB-807E-472E-A050-C034C4E5420F}.Debug|x64.ActiveCfg = Debug|Any CPU
		{E57712FB-807E-472E-A050-C034C4E5420F}.Debug|x64.Build.0 = Debug|Any CPU
		{E57712FB-807E-472E-A050-C034C4E5420F}.Debug|x86.ActiveCfg = Debug|x86
		{E57712FB-807E-472E-A050-C034C4E5420F}.Debug|x86.Build.0 = Debug|x86
		{E57712FB-807E-472E-A050-C034C4E5420F}.Release|Any CPU.ActiveCfg = Release|Any CPU
		{E57712FB-807E-472E-A050-C034C4E5420F}.Release|Any CPU.Build.0 = Release|Any CPU
		{E57712FB-807E-472E-A050-C034C4E5420F}.Release|x64.ActiveCfg = Release|Any CPU
		{E57712FB-807E-472E-A050-C034C4E5420F}.Release|x64.Build.0 = Release|Any CPU
		{E57712FB-807E-472E-A050-C034C4E5420F}.Release|x86.ActiveCfg = Release|Any CPU
		{E57712FB-807E-472E-A050-C034C4E5420F}.Release|x86.Build.0 = Release|Any CPU
		{6D36A302-ACF1-401B-B618-C86B43BFE2B3}.Debug|Any CPU.ActiveCfg = Debug|Any CPU
		{6D36A302-ACF1-401B-B618-C86B43BFE2B3}.Debug|Any CPU.Build.0 = Debug|Any CPU
		{6D36A302-ACF1-401B-B618-C86B43BFE2B3}.Debug|x64.ActiveCfg = Debug|Any CPU
		{6D36A302-ACF1-401B-B618-C86B43BFE2B3}.Debug|x64.Build.0 = Debug|Any CPU
		{6D36A302-ACF1-401B-B618-C86B43BFE2B3}.Debug|x86.ActiveCfg = Debug|x86
		{6D36A302-ACF1-401B-B618-C86B43BFE2B3}.Debug|x86.Build.0 = Debug|x86
		{6D36A302-ACF1-401B-B618-C86B43BFE2B3}.Release|Any CPU.ActiveCfg = Release|Any CPU
		{6D36A302-ACF1-401B-B618-C86B43BFE2B3}.Release|Any CPU.Build.0 = Release|Any CPU
		{6D36A302-ACF1-401B-B618-C86B43BFE2B3}.Release|x64.ActiveCfg = Release|Any CPU
		{6D36A302-ACF1-401B-B618-C86B43BFE2B3}.Release|x64.Build.0 = Release|Any CPU
		{6D36A302-ACF1-401B-B618-C86B43BFE2B3}.Release|x86.ActiveCfg = Release|Any CPU
		{6D36A302-ACF1-401B-B618-C86B43BFE2B3}.Release|x86.Build.0 = Release|Any CPU
		{BF8CBA8C-867D-4343-93CE-F6DF6D98B8D0}.Debug|Any CPU.ActiveCfg = Debug|Any CPU
		{BF8CBA8C-867D-4343-93CE-F6DF6D98B8D0}.Debug|Any CPU.Build.0 = Debug|Any CPU
		{BF8CBA8C-867D-4343-93CE-F6DF6D98B8D0}.Debug|x64.ActiveCfg = Debug|Any CPU
		{BF8CBA8C-867D-4343-93CE-F6DF6D98B8D0}.Debug|x64.Build.0 = Debug|Any CPU
		{BF8CBA8C-867D-4343-93CE-F6DF6D98B8D0}.Debug|x86.ActiveCfg = Debug|x86
		{BF8CBA8C-867D-4343-93CE-F6DF6D98B8D0}.Debug|x86.Build.0 = Debug|x86
		{BF8CBA8C-867D-4343-93CE-F6DF6D98B8D0}.Release|Any CPU.ActiveCfg = Release|Any CPU
		{BF8CBA8C-867D-4343-93CE-F6DF6D98B8D0}.Release|Any CPU.Build.0 = Release|Any CPU
		{BF8CBA8C-867D-4343-93CE-F6DF6D98B8D0}.Release|x64.ActiveCfg = Release|Any CPU
		{BF8CBA8C-867D-4343-93CE-F6DF6D98B8D0}.Release|x64.Build.0 = Release|Any CPU
		{BF8CBA8C-867D-4343-93CE-F6DF6D98B8D0}.Release|x86.ActiveCfg = Release|Any CPU
		{BF8CBA8C-867D-4343-93CE-F6DF6D98B8D0}.Release|x86.Build.0 = Release|Any CPU
		{CCC3C574-CF73-4712-80ED-10B418AD7D67}.Debug|Any CPU.ActiveCfg = Debug|Any CPU
		{CCC3C574-CF73-4712-80ED-10B418AD7D67}.Debug|Any CPU.Build.0 = Debug|Any CPU
		{CCC3C574-CF73-4712-80ED-10B418AD7D67}.Debug|x64.ActiveCfg = Debug|Any CPU
		{CCC3C574-CF73-4712-80ED-10B418AD7D67}.Debug|x64.Build.0 = Debug|Any CPU
		{CCC3C574-CF73-4712-80ED-10B418AD7D67}.Debug|x86.ActiveCfg = Debug|x86
		{CCC3C574-CF73-4712-80ED-10B418AD7D67}.Debug|x86.Build.0 = Debug|x86
		{CCC3C574-CF73-4712-80ED-10B418AD7D67}.Release|Any CPU.ActiveCfg = Release|Any CPU
		{CCC3C574-CF73-4712-80ED-10B418AD7D67}.Release|Any CPU.Build.0 = Release|Any CPU
		{CCC3C574-CF73-4712-80ED-10B418AD7D67}.Release|x64.ActiveCfg = Release|Any CPU
		{CCC3C574-CF73-4712-80ED-10B418AD7D67}.Release|x64.Build.0 = Release|Any CPU
		{CCC3C574-CF73-4712-80ED-10B418AD7D67}.Release|x86.ActiveCfg = Release|Any CPU
		{CCC3C574-CF73-4712-80ED-10B418AD7D67}.Release|x86.Build.0 = Release|Any CPU
		{F897BEA8-DFF0-4EB2-A44B-C27AE8B83E1B}.Debug|Any CPU.ActiveCfg = Debug|Any CPU
		{F897BEA8-DFF0-4EB2-A44B-C27AE8B83E1B}.Debug|Any CPU.Build.0 = Debug|Any CPU
		{F897BEA8-DFF0-4EB2-A44B-C27AE8B83E1B}.Debug|x64.ActiveCfg = Debug|Any CPU
		{F897BEA8-DFF0-4EB2-A44B-C27AE8B83E1B}.Debug|x64.Build.0 = Debug|Any CPU
		{F897BEA8-DFF0-4EB2-A44B-C27AE8B83E1B}.Debug|x86.ActiveCfg = Debug|x86
		{F897BEA8-DFF0-4EB2-A44B-C27AE8B83E1B}.Debug|x86.Build.0 = Debug|x86
		{F897BEA8-DFF0-4EB2-A44B-C27AE8B83E1B}.Release|Any CPU.ActiveCfg = Release|Any CPU
		{F897BEA8-DFF0-4EB2-A44B-C27AE8B83E1B}.Release|Any CPU.Build.0 = Release|Any CPU
		{F897BEA8-DFF0-4EB2-A44B-C27AE8B83E1B}.Release|x64.ActiveCfg = Release|Any CPU
		{F897BEA8-DFF0-4EB2-A44B-C27AE8B83E1B}.Release|x64.Build.0 = Release|Any CPU
		{F897BEA8-DFF0-4EB2-A44B-C27AE8B83E1B}.Release|x86.ActiveCfg = Release|Any CPU
		{F897BEA8-DFF0-4EB2-A44B-C27AE8B83E1B}.Release|x86.Build.0 = Release|Any CPU
		{BA25282F-CBC2-4072-884A-5A379E1728A2}.Debug|Any CPU.ActiveCfg = Debug|Any CPU
		{BA25282F-CBC2-4072-884A-5A379E1728A2}.Debug|Any CPU.Build.0 = Debug|Any CPU
		{BA25282F-CBC2-4072-884A-5A379E1728A2}.Debug|x64.ActiveCfg = Debug|Any CPU
		{BA25282F-CBC2-4072-884A-5A379E1728A2}.Debug|x64.Build.0 = Debug|Any CPU
		{BA25282F-CBC2-4072-884A-5A379E1728A2}.Debug|x86.ActiveCfg = Debug|x86
		{BA25282F-CBC2-4072-884A-5A379E1728A2}.Debug|x86.Build.0 = Debug|x86
		{BA25282F-CBC2-4072-884A-5A379E1728A2}.Release|Any CPU.ActiveCfg = Release|Any CPU
		{BA25282F-CBC2-4072-884A-5A379E1728A2}.Release|Any CPU.Build.0 = Release|Any CPU
		{BA25282F-CBC2-4072-884A-5A379E1728A2}.Release|x64.ActiveCfg = Release|Any CPU
		{BA25282F-CBC2-4072-884A-5A379E1728A2}.Release|x64.Build.0 = Release|Any CPU
		{BA25282F-CBC2-4072-884A-5A379E1728A2}.Release|x86.ActiveCfg = Release|Any CPU
		{BA25282F-CBC2-4072-884A-5A379E1728A2}.Release|x86.Build.0 = Release|Any CPU
		{F71FA045-41EF-464D-B810-8BD6056662A6}.Debug|Any CPU.ActiveCfg = Debug|Any CPU
		{F71FA045-41EF-464D-B810-8BD6056662A6}.Debug|Any CPU.Build.0 = Debug|Any CPU
		{F71FA045-41EF-464D-B810-8BD6056662A6}.Debug|x64.ActiveCfg = Debug|Any CPU
		{F71FA045-41EF-464D-B810-8BD6056662A6}.Debug|x64.Build.0 = Debug|Any CPU
		{F71FA045-41EF-464D-B810-8BD6056662A6}.Debug|x86.ActiveCfg = Debug|Any CPU
		{F71FA045-41EF-464D-B810-8BD6056662A6}.Debug|x86.Build.0 = Debug|Any CPU
		{F71FA045-41EF-464D-B810-8BD6056662A6}.Release|Any CPU.ActiveCfg = Release|Any CPU
		{F71FA045-41EF-464D-B810-8BD6056662A6}.Release|Any CPU.Build.0 = Release|Any CPU
		{F71FA045-41EF-464D-B810-8BD6056662A6}.Release|x64.ActiveCfg = Release|Any CPU
		{F71FA045-41EF-464D-B810-8BD6056662A6}.Release|x64.Build.0 = Release|Any CPU
		{F71FA045-41EF-464D-B810-8BD6056662A6}.Release|x86.ActiveCfg = Release|Any CPU
		{F71FA045-41EF-464D-B810-8BD6056662A6}.Release|x86.Build.0 = Release|Any CPU
		{F4C75C8F-FE00-45D5-B8A9-E512ECDE8D3F}.Debug|Any CPU.ActiveCfg = Debug|Any CPU
		{F4C75C8F-FE00-45D5-B8A9-E512ECDE8D3F}.Debug|Any CPU.Build.0 = Debug|Any CPU
		{F4C75C8F-FE00-45D5-B8A9-E512ECDE8D3F}.Debug|x64.ActiveCfg = Debug|Any CPU
		{F4C75C8F-FE00-45D5-B8A9-E512ECDE8D3F}.Debug|x64.Build.0 = Debug|Any CPU
		{F4C75C8F-FE00-45D5-B8A9-E512ECDE8D3F}.Debug|x86.ActiveCfg = Debug|Any CPU
		{F4C75C8F-FE00-45D5-B8A9-E512ECDE8D3F}.Debug|x86.Build.0 = Debug|Any CPU
		{F4C75C8F-FE00-45D5-B8A9-E512ECDE8D3F}.Release|Any CPU.ActiveCfg = Release|Any CPU
		{F4C75C8F-FE00-45D5-B8A9-E512ECDE8D3F}.Release|Any CPU.Build.0 = Release|Any CPU
		{F4C75C8F-FE00-45D5-B8A9-E512ECDE8D3F}.Release|x64.ActiveCfg = Release|Any CPU
		{F4C75C8F-FE00-45D5-B8A9-E512ECDE8D3F}.Release|x64.Build.0 = Release|Any CPU
		{F4C75C8F-FE00-45D5-B8A9-E512ECDE8D3F}.Release|x86.ActiveCfg = Release|Any CPU
		{F4C75C8F-FE00-45D5-B8A9-E512ECDE8D3F}.Release|x86.Build.0 = Release|Any CPU
		{E93A8716-89FA-4A2D-A984-B08AFDC0E904}.Debug|Any CPU.ActiveCfg = Debug|Any CPU
		{E93A8716-89FA-4A2D-A984-B08AFDC0E904}.Debug|Any CPU.Build.0 = Debug|Any CPU
		{E93A8716-89FA-4A2D-A984-B08AFDC0E904}.Debug|x64.ActiveCfg = Debug|Any CPU
		{E93A8716-89FA-4A2D-A984-B08AFDC0E904}.Debug|x64.Build.0 = Debug|Any CPU
		{E93A8716-89FA-4A2D-A984-B08AFDC0E904}.Debug|x86.ActiveCfg = Debug|Any CPU
		{E93A8716-89FA-4A2D-A984-B08AFDC0E904}.Debug|x86.Build.0 = Debug|Any CPU
		{E93A8716-89FA-4A2D-A984-B08AFDC0E904}.Release|Any CPU.ActiveCfg = Release|Any CPU
		{E93A8716-89FA-4A2D-A984-B08AFDC0E904}.Release|Any CPU.Build.0 = Release|Any CPU
		{E93A8716-89FA-4A2D-A984-B08AFDC0E904}.Release|x64.ActiveCfg = Release|Any CPU
		{E93A8716-89FA-4A2D-A984-B08AFDC0E904}.Release|x64.Build.0 = Release|Any CPU
		{E93A8716-89FA-4A2D-A984-B08AFDC0E904}.Release|x86.ActiveCfg = Release|Any CPU
		{E93A8716-89FA-4A2D-A984-B08AFDC0E904}.Release|x86.Build.0 = Release|Any CPU
	EndGlobalSection
	GlobalSection(SolutionProperties) = preSolution
		HideSolutionNode = FALSE
	EndGlobalSection
	GlobalSection(NestedProjects) = preSolution
		{73802F2E-913F-476C-9476-F90142955C04} = {43154C85-7BD4-4EC5-918F-A08575C28AA9}
		{32892191-F271-485B-B4E8-5D56B27E1638} = {43154C85-7BD4-4EC5-918F-A08575C28AA9}
		{BC201A84-AF47-45AF-A0A1-09F27ABDE480} = {43154C85-7BD4-4EC5-918F-A08575C28AA9}
		{675B4C68-5EEB-4105-9F01-BDC618D868A5} = {43154C85-7BD4-4EC5-918F-A08575C28AA9}
		{34DA38CD-5A4F-4188-8ADA-0EA148C19B89} = {43154C85-7BD4-4EC5-918F-A08575C28AA9}
		{06984E4C-FC93-479D-8805-1E15A227D880} = {43154C85-7BD4-4EC5-918F-A08575C28AA9}
		{E57712FB-807E-472E-A050-C034C4E5420F} = {43154C85-7BD4-4EC5-918F-A08575C28AA9}
		{BF8CBA8C-867D-4343-93CE-F6DF6D98B8D0} = {83255534-67EA-445D-A72E-AE059A644EF0}
		{CCC3C574-CF73-4712-80ED-10B418AD7D67} = {83255534-67EA-445D-A72E-AE059A644EF0}
		{F71FA045-41EF-464D-B810-8BD6056662A6} = {E1ABB8CA-C19C-48FD-94EC-B53828DA6ED1}
		{F4C75C8F-FE00-45D5-B8A9-E512ECDE8D3F} = {E1ABB8CA-C19C-48FD-94EC-B53828DA6ED1}
	EndGlobalSection
	GlobalSection(ExtensibilityGlobals) = postSolution
		SolutionGuid = {596C144A-A4A7-4FE1-93C0-72555915478E}
	EndGlobalSection
EndGlobal
